
Microsoft Visual Studio Solution File, Format Version 12.00
# Visual Studio Version 16
VisualStudioVersion = 25.0.1706.8
MinimumVisualStudioVersion = 10.0.40219.1
Project("{FAE04EC0-301F-11D3-BF4B-00C04F79EFBC}") = "Server", "Server\Server.csproj", "{53B151B6-4B08-47F4-8B5A-F2A66A5CF102}"
EndProject
Project("{FAE04EC0-301F-11D3-BF4B-00C04F79EFBC}") = "Application", "Application\Application.csproj", "{35D5789F-E06E-4589-9930-FA96F813A9C5}"
EndProject
Project("{FAE04EC0-301F-11D3-BF4B-00C04F79EFBC}") = "Domain", "Domain\Domain.csproj", "{D31053F5-964E-4D64-B039-629257A97874}"
EndProject
Global
	GlobalSection(SolutionConfigurationPlatforms) = preSolution
		Debug|Any CPU = Debug|Any CPU
		Release|Any CPU = Release|Any CPU
	EndGlobalSection
	GlobalSection(ProjectConfigurationPlatforms) = postSolution
		{53B151B6-4B08-47F4-8B5A-F2A66A5CF102}.Debug|Any CPU.ActiveCfg = Debug|Any CPU
		{53B151B6-4B08-47F4-8B5A-F2A66A5CF102}.Debug|Any CPU.Build.0 = Debug|Any CPU
		{53B151B6-4B08-47F4-8B5A-F2A66A5CF102}.Release|Any CPU.ActiveCfg = Release|Any CPU
		{53B151B6-4B08-47F4-8B5A-F2A66A5CF102}.Release|Any CPU.Build.0 = Release|Any CPU
		{35D5789F-E06E-4589-9930-FA96F813A9C5}.Debug|Any CPU.ActiveCfg = Debug|Any CPU
		{35D5789F-E06E-4589-9930-FA96F813A9C5}.Debug|Any CPU.Build.0 = Debug|Any CPU
		{35D5789F-E06E-4589-9930-FA96F813A9C5}.Release|Any CPU.ActiveCfg = Release|Any CPU
		{35D5789F-E06E-4589-9930-FA96F813A9C5}.Release|Any CPU.Build.0 = Release|Any CPU
		{D31053F5-964E-4D64-B039-629257A97874}.Debug|Any CPU.ActiveCfg = Debug|Any CPU
		{D31053F5-964E-4D64-B039-629257A97874}.Debug|Any CPU.Build.0 = Debug|Any CPU
		{D31053F5-964E-4D64-B039-629257A97874}.Release|Any CPU.ActiveCfg = Release|Any CPU
		{D31053F5-964E-4D64-B039-629257A97874}.Release|Any CPU.Build.0 = Release|Any CPU
	EndGlobalSection
	GlobalSection(SolutionProperties) = preSolution
		HideSolutionNode = FALSE
	EndGlobalSection
	GlobalSection(ExtensibilityGlobals) = postSolution
		SolutionGuid = {B94C4ECD-6327-4DBB-A371-5E359C9ECA9A}
	EndGlobalSection
EndGlobal
